
Microsoft Visual Studio Solution File, Format Version 12.00
# Visual Studio 14
VisualStudioVersion = 14.0.25420.1
MinimumVisualStudioVersion = 10.0.40219.1
Project("{FAE04EC0-301F-11D3-BF4B-00C04F79EFBC}") = "WMI2", "WMI2\WMI2.csproj", "{D4A49238-2D2C-470F-ACD4-6372D09F9928}"
EndProject
Project("{6141683F-8A12-4E36-9623-2EB02B2C2303}") = "SisteMetre", "SisteMetre\SisteMetre.isproj", "{352601AE-59FB-41BF-9222-5158A8F896F1}"
EndProject
Global
	GlobalSection(SolutionConfigurationPlatforms) = preSolution
		CD_ROM|Any CPU = CD_ROM|Any CPU
		Debug|Any CPU = Debug|Any CPU
		DVD-5|Any CPU = DVD-5|Any CPU
		Release|Any CPU = Release|Any CPU
		SingleImage|Any CPU = SingleImage|Any CPU
	EndGlobalSection
	GlobalSection(ProjectConfigurationPlatforms) = postSolution
		{D4A49238-2D2C-470F-ACD4-6372D09F9928}.CD_ROM|Any CPU.ActiveCfg = Release|Any CPU
		{D4A49238-2D2C-470F-ACD4-6372D09F9928}.CD_ROM|Any CPU.Build.0 = Release|Any CPU
		{D4A49238-2D2C-470F-ACD4-6372D09F9928}.Debug|Any CPU.ActiveCfg = Debug|Any CPU
		{D4A49238-2D2C-470F-ACD4-6372D09F9928}.Debug|Any CPU.Build.0 = Debug|Any CPU
		{D4A49238-2D2C-470F-ACD4-6372D09F9928}.DVD-5|Any CPU.ActiveCfg = Debug|Any CPU
		{D4A49238-2D2C-470F-ACD4-6372D09F9928}.DVD-5|Any CPU.Build.0 = Debug|Any CPU
		{D4A49238-2D2C-470F-ACD4-6372D09F9928}.Release|Any CPU.ActiveCfg = Release|Any CPU
		{D4A49238-2D2C-470F-ACD4-6372D09F9928}.Release|Any CPU.Build.0 = Release|Any CPU
		{D4A49238-2D2C-470F-ACD4-6372D09F9928}.SingleImage|Any CPU.ActiveCfg = Release|Any CPU
		{D4A49238-2D2C-470F-ACD4-6372D09F9928}.SingleImage|Any CPU.Build.0 = Release|Any CPU
		{352601AE-59FB-41BF-9222-5158A8F896F1}.CD_ROM|Any CPU.ActiveCfg = CD_ROM
		{352601AE-59FB-41BF-9222-5158A8F896F1}.CD_ROM|Any CPU.Build.0 = CD_ROM
		{352601AE-59FB-41BF-9222-5158A8F896F1}.Debug|Any CPU.ActiveCfg = DVD-5
		{352601AE-59FB-41BF-9222-5158A8F896F1}.Debug|Any CPU.Build.0 = DVD-5
		{352601AE-59FB-41BF-9222-5158A8F896F1}.DVD-5|Any CPU.ActiveCfg = DVD-5
		{352601AE-59FB-41BF-9222-5158A8F896F1}.DVD-5|Any CPU.Build.0 = DVD-5
		{352601AE-59FB-41BF-9222-5158A8F896F1}.Release|Any CPU.ActiveCfg = SingleImage
		{352601AE-59FB-41BF-9222-5158A8F896F1}.Release|Any CPU.Build.0 = SingleImage
		{352601AE-59FB-41BF-9222-5158A8F896F1}.SingleImage|Any CPU.ActiveCfg = SingleImage
		{352601AE-59FB-41BF-9222-5158A8F896F1}.SingleImage|Any CPU.Build.0 = SingleImage
	EndGlobalSection
	GlobalSection(SolutionProperties) = preSolution
		HideSolutionNode = FALSE
	EndGlobalSection
EndGlobal
